
Microsoft Visual Studio Solution File, Format Version 12.00
# Visual Studio Version 17
VisualStudioVersion = 17.6.33723.286
MinimumVisualStudioVersion = 10.0.40219.1
Project("{2150E333-8FDC-42A3-9474-1A3956D46DE8}") = "AvaloniaUI", "AvaloniaUI", "{E3F09D4D-F2CF-435A-AA1F-583F93B8A680}"
EndProject
Project("{2150E333-8FDC-42A3-9474-1A3956D46DE8}") = "Core", "Core", "{F2F88328-ED44-4160-AACD-9EF173C22829}"
EndProject
Project("{9A19103F-16F7-4668-BE54-9A1E7A4F7556}") = "Resol.AvaloniaUI", "Resol.AvaloniaUI\Resol.AvaloniaUI.csproj", "{5C1097B2-5A75-432A-8C6F-73988272F8E8}"
EndProject
Global
	GlobalSection(SolutionConfigurationPlatforms) = preSolution
		Debug|Any CPU = Debug|Any CPU
		Release|Any CPU = Release|Any CPU
	EndGlobalSection
	GlobalSection(ProjectConfigurationPlatforms) = postSolution
		{5C1097B2-5A75-432A-8C6F-73988272F8E8}.Debug|Any CPU.ActiveCfg = Debug|Any CPU
		{5C1097B2-5A75-432A-8C6F-73988272F8E8}.Debug|Any CPU.Build.0 = Debug|Any CPU
		{5C1097B2-5A75-432A-8C6F-73988272F8E8}.Release|Any CPU.ActiveCfg = Release|Any CPU
		{5C1097B2-5A75-432A-8C6F-73988272F8E8}.Release|Any CPU.Build.0 = Release|Any CPU
	EndGlobalSection
	GlobalSection(SolutionProperties) = preSolution
		HideSolutionNode = FALSE
	EndGlobalSection
	GlobalSection(NestedProjects) = preSolution
		{5C1097B2-5A75-432A-8C6F-73988272F8E8} = {E3F09D4D-F2CF-435A-AA1F-583F93B8A680}
	EndGlobalSection
	GlobalSection(ExtensibilityGlobals) = postSolution
		SolutionGuid = {7D71290F-C08A-4497-B124-3DBA535BC6D5}
	EndGlobalSection
EndGlobal
